
Microsoft Visual Studio Solution File, Format Version 12.00
# Visual Studio 15
VisualStudioVersion = 15.0.28307.1300
MinimumVisualStudioVersion = 10.0.40219.1
Project("{8BC9CEB8-8B4A-11D0-8D11-00A0C91BC942}") = "sa_assignment", "sa_assignment\sa_assignment.vcxproj", "{4389FEFB-FD56-4599-A929-620D1C2499FF}"
EndProject
Global
	GlobalSection(SolutionConfigurationPlatforms) = preSolution
		Debug|x64 = Debug|x64
		Debug|x86 = Debug|x86
		Release|x64 = Release|x64
		Release|x86 = Release|x86
	EndGlobalSection
	GlobalSection(ProjectConfigurationPlatforms) = postSolution
		{4389FEFB-FD56-4599-A929-620D1C2499FF}.Debug|x64.ActiveCfg = Debug|x64
		{4389FEFB-FD56-4599-A929-620D1C2499FF}.Debug|x64.Build.0 = Debug|x64
		{4389FEFB-FD56-4599-A929-620D1C2499FF}.Debug|x86.ActiveCfg = Debug|Win32
		{4389FEFB-FD56-4599-A929-620D1C2499FF}.Debug|x86.Build.0 = Debug|Win32
		{4389FEFB-FD56-4599-A929-620D1C2499FF}.Release|x64.ActiveCfg = Release|x64
		{4389FEFB-FD56-4599-A929-620D1C2499FF}.Release|x64.Build.0 = Release|x64
		{4389FEFB-FD56-4599-A929-620D1C2499FF}.Release|x86.ActiveCfg = Release|Win32
		{4389FEFB-FD56-4599-A929-620D1C2499FF}.Release|x86.Build.0 = Release|Win32
	EndGlobalSection
	GlobalSection(SolutionProperties) = preSolution
		HideSolutionNode = FALSE
	EndGlobalSection
	GlobalSection(ExtensibilityGlobals) = postSolution
		SolutionGuid = {C938CE84-E012-45D6-80FC-2D18FDEAC6DC}
	EndGlobalSection
EndGlobal
