
Microsoft Visual Studio Solution File, Format Version 12.00
# Visual Studio 15
VisualStudioVersion = 15.0.28307.1300
MinimumVisualStudioVersion = 10.0.40219.1
Project("{8BC9CEB8-8B4A-11D0-8D11-00A0C91BC942}") = "aco_colouring_dsatur", "aco_colouring_dsatur\aco_colouring_dsatur.vcxproj", "{89C51978-85FF-4B70-ADE4-B4206DFDEBC1}"
EndProject
Global
	GlobalSection(SolutionConfigurationPlatforms) = preSolution
		Debug|x64 = Debug|x64
		Debug|x86 = Debug|x86
		Release|x64 = Release|x64
		Release|x86 = Release|x86
	EndGlobalSection
	GlobalSection(ProjectConfigurationPlatforms) = postSolution
		{89C51978-85FF-4B70-ADE4-B4206DFDEBC1}.Debug|x64.ActiveCfg = Debug|x64
		{89C51978-85FF-4B70-ADE4-B4206DFDEBC1}.Debug|x64.Build.0 = Debug|x64
		{89C51978-85FF-4B70-ADE4-B4206DFDEBC1}.Debug|x86.ActiveCfg = Debug|Win32
		{89C51978-85FF-4B70-ADE4-B4206DFDEBC1}.Debug|x86.Build.0 = Debug|Win32
		{89C51978-85FF-4B70-ADE4-B4206DFDEBC1}.Release|x64.ActiveCfg = Release|x64
		{89C51978-85FF-4B70-ADE4-B4206DFDEBC1}.Release|x64.Build.0 = Release|x64
		{89C51978-85FF-4B70-ADE4-B4206DFDEBC1}.Release|x86.ActiveCfg = Release|Win32
		{89C51978-85FF-4B70-ADE4-B4206DFDEBC1}.Release|x86.Build.0 = Release|Win32
	EndGlobalSection
	GlobalSection(SolutionProperties) = preSolution
		HideSolutionNode = FALSE
	EndGlobalSection
	GlobalSection(ExtensibilityGlobals) = postSolution
		SolutionGuid = {37A73C28-872E-4869-A868-80A33376B52E}
	EndGlobalSection
EndGlobal
